
Microsoft Visual Studio Solution File, Format Version 12.00
# Visual Studio Version 16
VisualStudioVersion = 16.0.31829.152
MinimumVisualStudioVersion = 10.0.40219.1
Project("{888888A0-9F3D-457C-B088-3A5042F75D52}") = "Lokı", "Lokı.pyproj", "{E7802E66-24DB-4372-8969-03FB1F545CBE}"
EndProject
Global
	GlobalSection(SolutionConfigurationPlatforms) = preSolution
		Debug|Any CPU = Debug|Any CPU
		Release|Any CPU = Release|Any CPU
	EndGlobalSection
	GlobalSection(ProjectConfigurationPlatforms) = postSolution
		{E7802E66-24DB-4372-8969-03FB1F545CBE}.Debug|Any CPU.ActiveCfg = Debug|Any CPU
		{E7802E66-24DB-4372-8969-03FB1F545CBE}.Release|Any CPU.ActiveCfg = Release|Any CPU
	EndGlobalSection
	GlobalSection(SolutionProperties) = preSolution
		HideSolutionNode = FALSE
	EndGlobalSection
	GlobalSection(ExtensibilityGlobals) = postSolution
		SolutionGuid = {2A0DC255-9F0C-4CB7-819A-C71362AE14CF}
	EndGlobalSection
EndGlobal
